
Microsoft Visual Studio Solution File, Format Version 12.00
# Visual Studio Version 17
VisualStudioVersion = 17.6.33815.320
MinimumVisualStudioVersion = 10.0.40219.1
Project("{FAE04EC0-301F-11D3-BF4B-00C04F79EFBC}") = "Reolmarkedet_System", "Reolmarkedet_System\Reolmarkedet_System.csproj", "{379C2D52-38F9-4FBB-A313-1064287DDF1C}"
EndProject
Global
	GlobalSection(SolutionConfigurationPlatforms) = preSolution
		Debug|Any CPU = Debug|Any CPU
		Release|Any CPU = Release|Any CPU
	EndGlobalSection
	GlobalSection(ProjectConfigurationPlatforms) = postSolution
		{379C2D52-38F9-4FBB-A313-1064287DDF1C}.Debug|Any CPU.ActiveCfg = Debug|Any CPU
		{379C2D52-38F9-4FBB-A313-1064287DDF1C}.Debug|Any CPU.Build.0 = Debug|Any CPU
		{379C2D52-38F9-4FBB-A313-1064287DDF1C}.Release|Any CPU.ActiveCfg = Release|Any CPU
		{379C2D52-38F9-4FBB-A313-1064287DDF1C}.Release|Any CPU.Build.0 = Release|Any CPU
	EndGlobalSection
	GlobalSection(SolutionProperties) = preSolution
		HideSolutionNode = FALSE
	EndGlobalSection
	GlobalSection(ExtensibilityGlobals) = postSolution
		SolutionGuid = {B4E3C720-D0CD-41FB-8557-8B1EDAF5038C}
	EndGlobalSection
EndGlobal
